{
  "version": 2,
  "dependencies": {
    "net10.0": {
      "Altemiq.DotNet.CodingStandard": {
        "type": "Direct",
        "requested": "[1.0.312, )",
        "resolved": "1.0.312",
        "contentHash": "+stA0P9JpW7mdFr6dWLDxmB6G12/fnm4BoJ6rieOUtZlp0FtCktW99YNKQx56mml5pP5Vjxy/HsSY6+gH49CnA==",
        "dependencies": {
          "DotNet.ReproducibleBuilds": "2.0.5",
          "DotNet.ReproducibleBuilds.Isolated": "2.0.5",
          "Meziantou.Analyzer": "3.0.121",
          "Microsoft.CodeAnalysis.BannedApiAnalyzers": "5.6.0",
          "Roslynator.Analyzers": "4.15.0",
          "SonarAnalyzer.CSharp": "10.28.0.143324",
          "StyleCop.Analyzers.Unstable": "1.2.0.556"
        }
      },
      "Altemiq.SemanticVersioning.MSBuild": {
        "type": "Direct",
        "requested": "[10.0.9, )",
        "resolved": "10.0.9",
        "contentHash": "adMcVpK2Z/TVVqWCBDtm4hlgudb6j8UjP4X0/LAFnIck4HABq6tY3JYdiifQlqi95DzthzPQmt3EMLEUilPh8w=="
      },
      "Microsoft.AspNetCore.OpenApi": {
        "type": "Direct",
        "requested": "[10.0.10, )",
        "resolved": "10.0.10",
        "contentHash": "d4Atx9IHq7JgX0F/h7Db+m9zAUzC+cKdI9k+OWnnyQIOUQtfvjIEuhvbjPigVMkAmPUgCbJ8Yp6M9ghUqHtJSQ==",
        "dependencies": {
          "Microsoft.OpenApi": "2.0.0"
        }
      },
      "DotNet.ReproducibleBuilds": {
        "type": "Transitive",
        "resolved": "2.0.5",
        "contentHash": "8LrlvI1KpjjJ4VGSqZ16yoOCKlQnYS+Y8rYNifNrscmVh5anJcF9E4e0NiDP30BHBMUbkoJ5KdcxoRWM7Pz9Aw=="
      },
      "DotNet.ReproducibleBuilds.Isolated": {
        "type": "Transitive",
        "resolved": "2.0.5",
        "contentHash": "/45Ija100ZqNmWS3P4+SjOSqj+NYFNdNGkKO6pf/88KpnwwnDVmYxjuS4pWM4JSMANAw+txlVXZxJApbMCgSTw=="
      },
      "Meziantou.Analyzer": {
        "type": "Transitive",
        "resolved": "3.0.121",
        "contentHash": "PKNTmwMdzM0YJ7tAvwzWmlgWhtm8ZOma2eNUqchkbmvWwqC8QXoOzNPKwNHZBtPJpehYb7qu9q/182qg4Fmclw=="
      },
      "Microsoft.CodeAnalysis.BannedApiAnalyzers": {
        "type": "Transitive",
        "resolved": "5.6.0",
        "contentHash": "Kcobt3pnOdO0A+6CKiMHZdTEluJpsfxiV20axtZdmfBQnDmiWTKPJADlgAfdTuKNAnVarrkJa0UEGwuOo91muw=="
      },
      "Roslynator.Analyzers": {
        "type": "Transitive",
        "resolved": "4.15.0",
        "contentHash": "E8fu71Y+vzhniJKy1K13Rzwm8Vjcj7CDFBpflqncKUZfc3SzuF0kMBiyMmgXNPkjWTdE3Z+30HlGgYjHONZY/Q=="
      },
      "SonarAnalyzer.CSharp": {
        "type": "Transitive",
        "resolved": "10.28.0.143324",
        "contentHash": "ZnmYHFiQw2Aph2ft9c7UqVrqe79aZR5l7oeG59+sgrSAO9J159meglP1Zo34+Mcw4etIUTC9btYnP0Ar/rQIyg=="
      },
      "StyleCop.Analyzers.Unstable": {
        "type": "Transitive",
        "resolved": "1.2.0.556",
        "contentHash": "zvn9Mqs/ox/83cpYPignI8hJEM2A93s2HkHs8HYMOAQW0PkampyoErAiIyKxgTLqbbad29HX/shv/6LGSjPJNQ=="
      },
      "openapi": {
        "type": "Project",
        "dependencies": {
          "Microsoft.OpenApi": "[2.0.0, )"
        }
      },
      "Microsoft.OpenApi": {
        "type": "CentralTransitive",
        "requested": "[2.0.0, )",
        "resolved": "2.0.0",
        "contentHash": "GGYLfzV/G/ct80OZ45JxnWP7NvMX1BCugn/lX7TH5o0lcVaviavsLMTxmFV2AybXWjbi3h6FF1vgZiTK6PXndw=="
      }
    }
  }
}