{
  "version": 2,
  "dependencies": {
    "net10.0": {
      "Altemiq.DotNet.CodingStandard": {
        "type": "Direct",
        "requested": "[1.0.143, )",
        "resolved": "1.0.143",
        "contentHash": "SYQhYeAEUh+geqAOniH+7IFa1w9ni2ffY8aaqrfz788Aw4JhBC+Veb5T8GEqwwKBjXULNL824iUbzQDYbpgFJA==",
        "dependencies": {
          "DotNet.ReproducibleBuilds": "1.2.39",
          "DotNet.ReproducibleBuilds.Isolated": "1.2.39",
          "Meziantou.Analyzer": "2.0.257",
          "Microsoft.CodeAnalysis.BannedApiAnalyzers": "3.3.4",
          "Roslynator.Analyzers": "4.14.1",
          "SonarAnalyzer.CSharp": "10.16.1.129956",
          "StyleCop.Analyzers.Unstable": "1.2.0.556"
        }
      },
      "Altemiq.SemanticVersioning.MSBuild": {
        "type": "Direct",
        "requested": "[2.1.9, )",
        "resolved": "2.1.9",
        "contentHash": "fkPYeClDFo2SRY+fW0k7bxAamHBJuL3tkxL62PfZkErimcN/A/7grpfZ/KiZibKRfl0ftz38LFxBXt1IpSn+jQ=="
      },
      "Microsoft.AspNetCore.OpenApi": {
        "type": "Direct",
        "requested": "[10.0.1, )",
        "resolved": "10.0.1",
        "contentHash": "gMY53EggRIFawhue66GanHcm1Tcd0+QzzMwnMl60LrEoJhGgzA9qAbLx6t/ON3hX4flc2NcEbTK1Z5GCLYHcwA==",
        "dependencies": {
          "Microsoft.OpenApi": "2.0.0"
        }
      },
      "DotNet.ReproducibleBuilds": {
        "type": "Transitive",
        "resolved": "1.2.39",
        "contentHash": "fcFN01tDTIQqDuTwr1jUQK/geofiwjG5DycJQOnC72i1SsLAk1ELe+apBOuZ11UMQG8YKFZG1FgvjZPbqHyatg=="
      },
      "DotNet.ReproducibleBuilds.Isolated": {
        "type": "Transitive",
        "resolved": "1.2.39",
        "contentHash": "N5LaMgUe+X1fJg6VbX+bjhig9U4qV2AlA1s1KhhP9mrW64O444xSr53fsif8gdfeticVf/GrVP/LCIETcQXQlw=="
      },
      "Meziantou.Analyzer": {
        "type": "Transitive",
        "resolved": "2.0.257",
        "contentHash": "HADbzZ4rto3boQpWyXIFFc9bxDPviscCXiSQWOTICKD1OJ4gwa9aMfANoQngOk/2en3I9YAHwQ0WXxVMzCTJ+A=="
      },
      "Microsoft.CodeAnalysis.BannedApiAnalyzers": {
        "type": "Transitive",
        "resolved": "3.3.4",
        "contentHash": "0k2Jwpc8eq0hjOtX6TxRkHm9clkJ2PAQ3heEHgqIJZcsfdFosC/iyz18nsgTVDDWpID80rC7aiYK7ripx+Qndg=="
      },
      "Roslynator.Analyzers": {
        "type": "Transitive",
        "resolved": "4.14.1",
        "contentHash": "yMSjze/xMYDF6PCE60/ULWx0tttNyKAndw2KijNxbKil0FX8nvDeEneDZGma8Uifk17RlfZqIXxf1mmBmhRHjg=="
      },
      "SonarAnalyzer.CSharp": {
        "type": "Transitive",
        "resolved": "10.16.1.129956",
        "contentHash": "XjMarxz00Xc+GD8JGYut1swL0RIw2iwfBhltEITsxsqC/MDLjK+8dk58fPYkS+YPwtdqzkU4VUuSqX3qrN2HYA=="
      },
      "StyleCop.Analyzers.Unstable": {
        "type": "Transitive",
        "resolved": "1.2.0.556",
        "contentHash": "zvn9Mqs/ox/83cpYPignI8hJEM2A93s2HkHs8HYMOAQW0PkampyoErAiIyKxgTLqbbad29HX/shv/6LGSjPJNQ=="
      },
      "openapi": {
        "type": "Project",
        "dependencies": {
          "Microsoft.OpenApi": "[2.0.0, )"
        }
      },
      "Microsoft.OpenApi": {
        "type": "CentralTransitive",
        "requested": "[2.0.0, )",
        "resolved": "2.0.0",
        "contentHash": "GGYLfzV/G/ct80OZ45JxnWP7NvMX1BCugn/lX7TH5o0lcVaviavsLMTxmFV2AybXWjbi3h6FF1vgZiTK6PXndw=="
      }
    }
  }
}