{
  "version": 2,
  "dependencies": {
    "net9.0": {
      "Altemiq.DotNet.CodingStandard": {
        "type": "Direct",
        "requested": "[1.0.47, )",
        "resolved": "1.0.56",
        "contentHash": "irQxaj6UtRZ5ZrH3eoR6mlRnSdj+d9cWMQDYJTSSW+v7mqY7O8qPavb5vv9QVyazDwJYhhDz66/cM/dAs6PU/A==",
        "dependencies": {
          "DotNet.ReproducibleBuilds": "1.2.25",
          "DotNet.ReproducibleBuilds.Isolated": "1.2.25",
          "Meziantou.Analyzer": "2.0.186",
          "Microsoft.CodeAnalysis.BannedApiAnalyzers": "3.3.4",
          "Roslynator.Analyzers": "4.12.11",
          "SonarAnalyzer.CSharp": "10.5.0.109200",
          "StyleCop.Analyzers.Unstable": "1.2.0.556"
        }
      },
      "Altemiq.SemanticVersioning.MSBuild": {
        "type": "Direct",
        "requested": "[2.1.7, )",
        "resolved": "2.1.8",
        "contentHash": "Vbaqo/lUthlOBtHGMegNoLGIpxG0jAcdEsMjREFkimKTEMglPgipgL27CIFlJ+jYePxD7HXYICwsDAMkjSgk4A=="
      },
      "Swashbuckle.AspNetCore.SwaggerUI": {
        "type": "Direct",
        "requested": "[7.0.0, )",
        "resolved": "7.0.0",
        "contentHash": "rJJony+jsxvpfJM9ZGVxjp0DVpalZv8cAhiMSLW6L2hgUWb7k5qPVuzQHWXtkT8lrG1hQ8vWeR+HUwgCQm9J3A=="
      },
      "DotNet.ReproducibleBuilds": {
        "type": "Transitive",
        "resolved": "1.2.25",
        "contentHash": "xCXiw7BCxHJ8pF6wPepRUddlh2dlQlbr81gXA72hdk4FLHkKXas7EH/n+fk5UCA/YfMqG1Z6XaPiUjDbUNBUzg=="
      },
      "DotNet.ReproducibleBuilds.Isolated": {
        "type": "Transitive",
        "resolved": "1.2.25",
        "contentHash": "jaAno7qr9Cgx+/DitnJXYJ3JGkqhwtH0tgKqeBtAg9kmKayvUH63EELAtxbBZr56ntyuHBfy536FlXu+UpbDlw=="
      },
      "Meziantou.Analyzer": {
        "type": "Transitive",
        "resolved": "2.0.186",
        "contentHash": "PE8c9opHuUWLNqnZTN/KQC9oIfD/ZtsQ25sHF7/og4KfIRVnN4mgiyYw5NwCp8YPGapLoduIxuyQAcic6Eqcjg=="
      },
      "Microsoft.AspNetCore.OpenApi": {
        "type": "Transitive",
        "resolved": "9.0.0",
        "contentHash": "FqUK5j1EOPNuFT7IafltZQ3cakqhSwVzH5ZW1MhZDe4pPXs9sJ2M5jom1Omsu+mwF2tNKKlRAzLRHQTZzbd+6Q==",
        "dependencies": {
          "Microsoft.OpenApi": "1.6.17"
        }
      },
      "Microsoft.CodeAnalysis.BannedApiAnalyzers": {
        "type": "Transitive",
        "resolved": "3.3.4",
        "contentHash": "0k2Jwpc8eq0hjOtX6TxRkHm9clkJ2PAQ3heEHgqIJZcsfdFosC/iyz18nsgTVDDWpID80rC7aiYK7ripx+Qndg=="
      },
      "Microsoft.OpenApi": {
        "type": "Transitive",
        "resolved": "1.6.17",
        "contentHash": "Le+kehlmrlQfuDFUt1zZ2dVwrhFQtKREdKBo+rexOwaCoYP0/qpgT9tLxCsZjsgR5Itk1UKPcbgO+FyaNid/bA=="
      },
      "Roslynator.Analyzers": {
        "type": "Transitive",
        "resolved": "4.12.11",
        "contentHash": "yvsRYT5EVtcT+V8ZW+5cxd1O9Sgf8PbC7DlQL/T5NA4g5yjaFe+WQ7evpy92Lj29m2E+XayBsO2TnCWKZlPWaA=="
      },
      "SonarAnalyzer.CSharp": {
        "type": "Transitive",
        "resolved": "10.5.0.109200",
        "contentHash": "yS8uepqf+HwSEZtkJR7O4siqfyGKX4Lu7mIB6TTppy59czq7qkFjZ+fB7NTRZg8a/Pu7tvwVhpEMcxUTiQZmSw=="
      },
      "StyleCop.Analyzers.Unstable": {
        "type": "Transitive",
        "resolved": "1.2.0.556",
        "contentHash": "zvn9Mqs/ox/83cpYPignI8hJEM2A93s2HkHs8HYMOAQW0PkampyoErAiIyKxgTLqbbad29HX/shv/6LGSjPJNQ=="
      },
      "Altemiq.AspNetCore.OpenApi": {
        "type": "Project",
        "dependencies": {
          "Microsoft.AspNetCore.OpenApi": "[9.0.0, )"
        }
      }
    }
  }
}