{
  "version": 2,
  "dependencies": {
    "net10.0": {
      "Scalar.AspNetCore": {
        "type": "Direct",
        "requested": "[2.9.0, )",
        "resolved": "2.9.0",
        "contentHash": "m+8h+QmtmBmA1ZuzWW3p/0oFc82pq0k1Vm0LuIupRqjG3BzudMpbxeeHH8qAR3sxt6rPABeF43OzqDthGEtMpA=="
      },
      "Swashbuckle.AspNetCore.SwaggerUI": {
        "type": "Direct",
        "requested": "[9.0.6, )",
        "resolved": "9.0.6",
        "contentHash": "WGsw/Yop9b16miq8TQd4THxuEgkP5cH3+DX93BrX9m0OdPcKNtg2nNm77WQSAsA+Se+M0bTiu8bUyrruRSeS5g=="
      },
      "Microsoft.AspNetCore.OpenApi": {
        "type": "Transitive",
        "resolved": "10.0.2",
        "contentHash": "YuEjUNpsoZLs0I5ONt013Z+Udsz3f9sPUh1Xm59LN7+/Z8oVG/swCUYLBbANtfreiunWnoT2uk+5kst4s2jr3Q==",
        "dependencies": {
          "Microsoft.OpenApi": "2.0.0"
        }
      },
      "Microsoft.OpenApi": {
        "type": "Transitive",
        "resolved": "2.0.0",
        "contentHash": "GGYLfzV/G/ct80OZ45JxnWP7NvMX1BCugn/lX7TH5o0lcVaviavsLMTxmFV2AybXWjbi3h6FF1vgZiTK6PXndw=="
      },
      "Altemiq.AspNetCore.OpenApi": {
        "type": "Project",
        "dependencies": {
          "Altemiq.OpenApi": "[2.0.0, )",
          "Microsoft.AspNetCore.OpenApi": "[10.0.2, )"
        }
      },
      "Altemiq.OpenApi": {
        "type": "Project",
        "dependencies": {
          "Microsoft.OpenApi": "[2.0.0, )"
        }
      }
    }
  }
}