{
  "version": 2,
  "dependencies": {
    "net9.0": {
      "Scalar.AspNetCore": {
        "type": "Direct",
        "requested": "[2.9.0, )",
        "resolved": "2.9.0",
        "contentHash": "m+8h+QmtmBmA1ZuzWW3p/0oFc82pq0k1Vm0LuIupRqjG3BzudMpbxeeHH8qAR3sxt6rPABeF43OzqDthGEtMpA=="
      },
      "Swashbuckle.AspNetCore.SwaggerUI": {
        "type": "Direct",
        "requested": "[9.0.6, )",
        "resolved": "9.0.6",
        "contentHash": "WGsw/Yop9b16miq8TQd4THxuEgkP5cH3+DX93BrX9m0OdPcKNtg2nNm77WQSAsA+Se+M0bTiu8bUyrruRSeS5g=="
      },
      "Microsoft.AspNetCore.OpenApi": {
        "type": "Transitive",
        "resolved": "9.0.10",
        "contentHash": "yAv5EDEi0Nkk75Vhxh6ppuXd/QIO8hzjGpAt/fGInMZWIX/mVwZ1IM50YFIWeLCVM8KDj0oFPQdcLeQ+9hEJsw==",
        "dependencies": {
          "Microsoft.OpenApi": "1.6.17"
        }
      },
      "Microsoft.OpenApi": {
        "type": "Transitive",
        "resolved": "1.6.17",
        "contentHash": "Le+kehlmrlQfuDFUt1zZ2dVwrhFQtKREdKBo+rexOwaCoYP0/qpgT9tLxCsZjsgR5Itk1UKPcbgO+FyaNid/bA=="
      },
      "aspnetcore.openapi": {
        "type": "Project",
        "dependencies": {
          "Microsoft.AspNetCore.OpenApi": "[9.0.10, )",
          "OpenApi": "[1.6.17, )"
        }
      },
      "openapi": {
        "type": "Project",
        "dependencies": {
          "Microsoft.OpenApi": "[1.6.17, )"
        }
      }
    }
  }
}