{
  "version": 2,
  "dependencies": {
    "net10.0": {
      "Scalar.AspNetCore": {
        "type": "Direct",
        "requested": "[2.12.38, )",
        "resolved": "2.12.38",
        "contentHash": "c6YgldJpdnDaPbOBFHEPIaJDXco2jaXso+LOv8yIRE+R6DscYN3LgKhYTL8gkAWtvOJZ+blGt1lnh9wYVjFDVA=="
      },
      "Swashbuckle.AspNetCore.SwaggerUI": {
        "type": "Direct",
        "requested": "[10.1.2, )",
        "resolved": "10.1.2",
        "contentHash": "Zzam+F/g3jpGvSLhqdtOoBe+GEABk+oi9LJxun1wrz52/254sSGWkz1P+U1dDifsXJWVdZusiRuDWLXkJW+7Eg=="
      },
      "Microsoft.AspNetCore.OpenApi": {
        "type": "Transitive",
        "resolved": "10.0.3",
        "contentHash": "SAvSrKDgnY5GDjDAngOXxPhUvEKlTU/0zIq8zidqHvh/xnZBPs0Vc4LqwyvnmnafNnyUaivtRABz4K4wodXfSg==",
        "dependencies": {
          "Microsoft.OpenApi": "2.0.0"
        }
      },
      "Microsoft.OpenApi": {
        "type": "Transitive",
        "resolved": "2.0.0",
        "contentHash": "GGYLfzV/G/ct80OZ45JxnWP7NvMX1BCugn/lX7TH5o0lcVaviavsLMTxmFV2AybXWjbi3h6FF1vgZiTK6PXndw=="
      },
      "Altemiq.AspNetCore.OpenApi": {
        "type": "Project",
        "dependencies": {
          "Altemiq.OpenApi": "[2.0.0, )",
          "Microsoft.AspNetCore.OpenApi": "[10.0.3, )"
        }
      },
      "Altemiq.OpenApi": {
        "type": "Project",
        "dependencies": {
          "Microsoft.OpenApi": "[2.0.0, )"
        }
      }
    }
  }
}